
Microsoft Visual Studio Solution File, Format Version 12.00
# Visual Studio Version 17
VisualStudioVersion = 17.0.31919.166
MinimumVisualStudioVersion = 10.0.40219.1
Project("{9A19103F-16F7-4668-BE54-9A1E7A4F7556}") = "RenoMeraApi", "RenoMeraApi.csproj", "{E7D8F131-711E-4BBA-9CD3-9405754C3A50}"
EndProject
Global
	GlobalSection(SolutionConfigurationPlatforms) = preSolution
		Debug|Any CPU = Debug|Any CPU
		Release|Any CPU = Release|Any CPU
	EndGlobalSection
	GlobalSection(ProjectConfigurationPlatforms) = postSolution
		{E7D8F131-711E-4BBA-9CD3-9405754C3A50}.Debug|Any CPU.ActiveCfg = Debug|Any CPU
		{E7D8F131-711E-4BBA-9CD3-9405754C3A50}.Debug|Any CPU.Build.0 = Debug|Any CPU
		{E7D8F131-711E-4BBA-9CD3-9405754C3A50}.Release|Any CPU.ActiveCfg = Release|Any CPU
		{E7D8F131-711E-4BBA-9CD3-9405754C3A50}.Release|Any CPU.Build.0 = Release|Any CPU
	EndGlobalSection
	GlobalSection(SolutionProperties) = preSolution
		HideSolutionNode = FALSE
	EndGlobalSection
	GlobalSection(ExtensibilityGlobals) = postSolution
		SolutionGuid = {B5240639-05B9-4CA4-9344-122FDEB83D02}
	EndGlobalSection
EndGlobal
